<?xml version="1.0" encoding="utf-8"?>
<Project ToolsVersion="4.0" xmlns="http://schemas.microsoft.com/developer/msbuild/2003">
  <ItemGroup>
    <Filter Include="win32">
      <UniqueIdentifier>{84a8ebd7-7cf0-47f6-b75e-d441df67da40}</UniqueIdentifier>
    </Filter>
    <Filter Include="resource">
      <UniqueIdentifier>{715254bc-d70b-4ec5-bf29-467dd3ace079}</UniqueIdentifier>
    </Filter>
    <Filter Include="src">
      <UniqueIdentifier>{bb6c862e-70e9-49d9-81b7-3829a6f50471}</UniqueIdentifier>
    </Filter>
  </ItemGroup>
  <ItemGroup>
    <ClCompile Include="main.cpp">
      <Filter>win32</Filter>
    </ClCompile>
    <ClCompile Include="..\Classes\AppDelegate.cpp">
      <Filter>src</Filter>
    </ClCompile>
    <ClCompile Include="..\Classes\BaseWindow.cpp">
      <Filter>src</Filter>
    </ClCompile>
    <ClCompile Include="..\Classes\FairyScene.cpp">
      <Filter>src</Filter>
    </ClCompile>
    <ClCompile Include="..\Classes\MainScene.cpp">
      <Filter>src</Filter>
    </ClCompile>
    <ClCompile Include="..\Classes\GameUtils.cpp">
      <Filter>src</Filter>
    </ClCompile>
    <ClCompile Include="..\Classes\Context.cpp">
      <Filter>src</Filter>
    </ClCompile>
    <ClCompile Include="..\Classes\CPlayer.cpp">
      <Filter>src</Filter>
    </ClCompile>
    <ClCompile Include="..\Classes\State.cpp">
      <Filter>src</Filter>
    </ClCompile>
    <ClCompile Include="..\Classes\LoginScene.cpp">
      <Filter>src</Filter>
    </ClCompile>
    <ClCompile Include="..\Classes\CMonster.cpp">
      <Filter>src</Filter>
    </ClCompile>
    <ClCompile Include="..\Classes\CRole.cpp">
      <Filter>src</Filter>
    </ClCompile>
    <ClCompile Include="..\Classes\CommonWindow.cpp">
      <Filter>src</Filter>
    </ClCompile>
    <ClCompile Include="..\Classes\ChatWindow.cpp">
      <Filter>src</Filter>
    </ClCompile>
    <ClCompile Include="..\Classes\QhWindow.cpp">
      <Filter>src</Filter>
    </ClCompile>
    <ClCompile Include="..\Classes\PlayerManager.cpp">
      <Filter>src</Filter>
    </ClCompile>
    <ClCompile Include="..\Classes\CNpc.cpp">
      <Filter>src</Filter>
    </ClCompile>
    <ClCompile Include="..\Classes\MapLayer.cpp">
      <Filter>src</Filter>
    </ClCompile>
    <ClCompile Include="..\Classes\AStar.cpp">
      <Filter>src</Filter>
    </ClCompile>
    <ClCompile Include="..\Classes\BlockAllocator.cpp">
      <Filter>src</Filter>
    </ClCompile>
    <ClCompile Include="..\Classes\DropItem.cpp">
      <Filter>src</Filter>
    </ClCompile>
    <ClCompile Include="..\Classes\ReliveWindow.cpp">
      <Filter>src</Filter>
    </ClCompile>
    <ClCompile Include="..\Classes\Toast.cpp">
      <Filter>src</Filter>
    </ClCompile>
    <ClCompile Include="..\Classes\EquipTips.cpp">
      <Filter>src</Filter>
    </ClCompile>
    <ClCompile Include="..\Classes\ItemTips.cpp">
      <Filter>src</Filter>
    </ClCompile>
    <ClCompile Include="..\Classes\CTask.cpp">
      <Filter>src</Filter>
    </ClCompile>
    <ClCompile Include="..\Classes\TaskLogic.cpp">
      <Filter>src</Filter>
    </ClCompile>
    <ClCompile Include="..\Classes\MercTips.cpp">
      <Filter>src</Filter>
    </ClCompile>
    <ClCompile Include="..\Classes\FMessageBox.cpp">
      <Filter>src</Filter>
    </ClCompile>
  </ItemGroup>
  <ItemGroup>
    <ClInclude Include="main.h">
      <Filter>win32</Filter>
    </ClInclude>
    <ClInclude Include="..\Classes\AppDelegate.h">
      <Filter>src</Filter>
    </ClInclude>
    <ClInclude Include="..\Classes\BaseWindow.h">
      <Filter>src</Filter>
    </ClInclude>
    <ClInclude Include="..\Classes\FairyScene.h">
      <Filter>src</Filter>
    </ClInclude>
    <ClInclude Include="..\Classes\MainScene.h">
      <Filter>src</Filter>
    </ClInclude>
    <ClInclude Include="..\Classes\EventConst.h">
      <Filter>src</Filter>
    </ClInclude>
    <ClInclude Include="..\Classes\Constant.h">
      <Filter>src</Filter>
    </ClInclude>
    <ClInclude Include="..\Classes\GameUtils.h">
      <Filter>src</Filter>
    </ClInclude>
    <ClInclude Include="..\Classes\Context.h">
      <Filter>src</Filter>
    </ClInclude>
    <ClInclude Include="..\Classes\CPlayer.h">
      <Filter>src</Filter>
    </ClInclude>
    <ClInclude Include="..\Classes\State.h">
      <Filter>src</Filter>
    </ClInclude>
    <ClInclude Include="..\Classes\LoginScene.h">
      <Filter>src</Filter>
    </ClInclude>
    <ClInclude Include="..\Classes\CMonster.h">
      <Filter>src</Filter>
    </ClInclude>
    <ClInclude Include="..\Classes\CRole.h">
      <Filter>src</Filter>
    </ClInclude>
    <ClInclude Include="..\Classes\CommonWindow.h">
      <Filter>src</Filter>
    </ClInclude>
    <ClInclude Include="..\Classes\ChatWindow.h">
      <Filter>src</Filter>
    </ClInclude>
    <ClInclude Include="..\Classes\QhWindow.h">
      <Filter>src</Filter>
    </ClInclude>
    <ClInclude Include="..\Classes\CSingleton.h">
      <Filter>src</Filter>
    </ClInclude>
    <ClInclude Include="..\Classes\PlayerManager.h">
      <Filter>src</Filter>
    </ClInclude>
    <ClInclude Include="..\Classes\CNpc.h">
      <Filter>src</Filter>
    </ClInclude>
    <ClInclude Include="..\Classes\MapLayer.h">
      <Filter>src</Filter>
    </ClInclude>
    <ClInclude Include="..\Classes\AStar.h">
      <Filter>src</Filter>
    </ClInclude>
    <ClInclude Include="..\Classes\BlockAllocator.h">
      <Filter>src</Filter>
    </ClInclude>
    <ClInclude Include="..\Classes\NonCopyable.h">
      <Filter>src</Filter>
    </ClInclude>
    <ClInclude Include="..\Classes\DropItem.h">
      <Filter>src</Filter>
    </ClInclude>
    <ClInclude Include="..\Classes\ReliveWindow.h">
      <Filter>src</Filter>
    </ClInclude>
    <ClInclude Include="..\Classes\Toast.h">
      <Filter>src</Filter>
    </ClInclude>
    <ClInclude Include="..\Classes\EquipTips.h">
      <Filter>src</Filter>
    </ClInclude>
    <ClInclude Include="..\Classes\ItemTips.h">
      <Filter>src</Filter>
    </ClInclude>
    <ClInclude Include="..\Classes\CTask.h">
      <Filter>src</Filter>
    </ClInclude>
    <ClInclude Include="..\Classes\TaskLogic.h">
      <Filter>src</Filter>
    </ClInclude>
    <ClInclude Include="..\Classes\MercTips.h">
      <Filter>src</Filter>
    </ClInclude>
    <ClInclude Include="..\Classes\FMessageBox.h">
      <Filter>src</Filter>
    </ClInclude>
  </ItemGroup>
  <ItemGroup>
    <ResourceCompile Include="game.rc">
      <Filter>resource</Filter>
    </ResourceCompile>
  </ItemGroup>
</Project>